
Microsoft Visual Studio Solution File, Format Version 12.00
# Visual Studio Version 17
VisualStudioVersion = 17.13.35507.96 d17.13
MinimumVisualStudioVersion = 10.0.40219.1
Project("{FAE04EC0-301F-11D3-BF4B-00C04F79EFBC}") = "ExternalAssemblyReflector", "ExternalAssemblyReflector\ExternalAssemblyReflector.csproj", "{F23AAB60-1FD3-418F-9314-3A20BE8CED88}"
EndProject
Global
	GlobalSection(SolutionConfigurationPlatforms) = preSolution
		Debug|Any CPU = Debug|Any CPU
		Release|Any CPU = Release|Any CPU
	EndGlobalSection
	GlobalSection(ProjectConfigurationPlatforms) = postSolution
		{F23AAB60-1FD3-418F-9314-3A20BE8CED88}.Debug|Any CPU.ActiveCfg = Debug|Any CPU
		{F23AAB60-1FD3-418F-9314-3A20BE8CED88}.Debug|Any CPU.Build.0 = Debug|Any CPU
		{F23AAB60-1FD3-418F-9314-3A20BE8CED88}.Release|Any CPU.ActiveCfg = Release|Any CPU
		{F23AAB60-1FD3-418F-9314-3A20BE8CED88}.Release|Any CPU.Build.0 = Release|Any CPU
	EndGlobalSection
	GlobalSection(SolutionProperties) = preSolution
		HideSolutionNode = FALSE
	EndGlobalSection
	GlobalSection(ExtensibilityGlobals) = postSolution
		SolutionGuid = {F681246E-81C8-4409-92DA-D500BB384CCE}
	EndGlobalSection
EndGlobal
